
Microsoft Visual Studio Solution File, Format Version 12.00
# Visual Studio Version 17
VisualStudioVersion = 17.14.36804.6 d17.14
MinimumVisualStudioVersion = 10.0.40219.1
Project("{FAE04EC0-301F-11D3-BF4B-00C04F79EFBC}") = "FakeForum", "FakeForum\FakeForum.csproj", "{6F6E1DD0-7445-4795-B8C0-FBFC75E71704}"
EndProject
Global
	GlobalSection(SolutionConfigurationPlatforms) = preSolution
		Debug|Any CPU = Debug|Any CPU
		Release|Any CPU = Release|Any CPU
	EndGlobalSection
	GlobalSection(ProjectConfigurationPlatforms) = postSolution
		{6F6E1DD0-7445-4795-B8C0-FBFC75E71704}.Debug|Any CPU.ActiveCfg = Debug|Any CPU
		{6F6E1DD0-7445-4795-B8C0-FBFC75E71704}.Debug|Any CPU.Build.0 = Debug|Any CPU
		{6F6E1DD0-7445-4795-B8C0-FBFC75E71704}.Release|Any CPU.ActiveCfg = Release|Any CPU
		{6F6E1DD0-7445-4795-B8C0-FBFC75E71704}.Release|Any CPU.Build.0 = Release|Any CPU
	EndGlobalSection
	GlobalSection(SolutionProperties) = preSolution
		HideSolutionNode = FALSE
	EndGlobalSection
	GlobalSection(ExtensibilityGlobals) = postSolution
		SolutionGuid = {0BBD383D-5B9D-44F3-924A-442B63371F52}
	EndGlobalSection
EndGlobal
